
Microsoft Visual Studio Solution File, Format Version 12.00
# Visual Studio Version 16
VisualStudioVersion = 16.0.30717.126
MinimumVisualStudioVersion = 10.0.40219.1
Project("{9A19103F-16F7-4668-BE54-9A1E7A4F7556}") = "MyFood.WebSite", "MyFood.WebSite\MyFood.WebSite.csproj", "{1932C94A-A13F-4E2F-AB49-8DABD41995DC}"
EndProject
Global
	GlobalSection(SolutionConfigurationPlatforms) = preSolution
		Debug|Any CPU = Debug|Any CPU
		Release|Any CPU = Release|Any CPU
	EndGlobalSection
	GlobalSection(ProjectConfigurationPlatforms) = postSolution
		{1932C94A-A13F-4E2F-AB49-8DABD41995DC}.Debug|Any CPU.ActiveCfg = Debug|Any CPU
		{1932C94A-A13F-4E2F-AB49-8DABD41995DC}.Debug|Any CPU.Build.0 = Debug|Any CPU
		{1932C94A-A13F-4E2F-AB49-8DABD41995DC}.Release|Any CPU.ActiveCfg = Release|Any CPU
		{1932C94A-A13F-4E2F-AB49-8DABD41995DC}.Release|Any CPU.Build.0 = Release|Any CPU
	EndGlobalSection
	GlobalSection(SolutionProperties) = preSolution
		HideSolutionNode = FALSE
	EndGlobalSection
	GlobalSection(ExtensibilityGlobals) = postSolution
		SolutionGuid = {34447FC4-33C1-4F8B-BFA5-593EBF1B09A1}
	EndGlobalSection
EndGlobal
